{
  "name": "@aichat/grok-bridge",
  "version": "0.1.0",
  "lockfileVersion": 3,
  "requires": true,
  "packages": {
    "": {
      "name": "@aichat/grok-bridge",
      "version": "0.1.0",
      "bin": {
        "aichat-grok-bridge": "src/cli.js"
      },
      "engines": {
        "node": ">=20"
      }
    }
  }
}
